// !$*UTF8*$!
{
	archiveVersion = 1;
	classes = {
	};
	objectVersion = 46;
	objects = {

/* Begin PBXBuildFile section */
		8B03912D1F141EED00ECBBD0 /* LoginViewController.swift in Sources */ = {isa = PBXBuildFile; fileRef = 8B03912C1F141EED00ECBBD0 /* LoginViewController.swift */; };
		8B48F73D1F12A64400960CAE /* AppDelegate.swift in Sources */ = {isa = PBXBuildFile; fileRef = 8B48F73C1F12A64400960CAE /* AppDelegate.swift */; };
		8B48F73F1F12A64400960CAE /* ViewController.swift in Sources */ = {isa = PBXBuildFile; fileRef = 8B48F73E1F12A64400960CAE /* ViewController.swift */; };
		8B48F7421F12A64400960CAE /* Main.storyboard in Resources */ = {isa = PBXBuildFile; fileRef = 8B48F7401F12A64400960CAE /* Main.storyboard */; };
		8B48F7441F12A64400960CAE /* Assets.xcassets in Resources */ = {isa = PBXBuildFile; fileRef = 8B48F7431F12A64400960CAE /* Assets.xcassets */; };
		8B48F7471F12A64400960CAE /* LaunchScreen.storyboard in Resources */ = {isa = PBXBuildFile; fileRef = 8B48F7451F12A64400960CAE /* LaunchScreen.storyboard */; };
		8B48F7521F12A64400960CAE /* loginAttempt3Tests.swift in Sources */ = {isa = PBXBuildFile; fileRef = 8B48F7511F12A64400960CAE /* loginAttempt3Tests.swift */; };
		8B48F75D1F12A64400960CAE /* loginAttempt3UITests.swift in Sources */ = {isa = PBXBuildFile; fileRef = 8B48F75C1F12A64400960CAE /* loginAttempt3UITests.swift */; };
		8BE4D3D31F13334D00202A9B /* RegisterPageViewController.swift in Sources */ = {isa = PBXBuildFile; fileRef = 8BE4D3D21F13334D00202A9B /* RegisterPageViewController.swift */; };
/* End PBXBuildFile section */

/* Begin PBXContainerItemProxy section */
		8B48F74E1F12A64400960CAE /* PBXContainerItemProxy */ = {
			isa = PBXContainerItemProxy;
			containerPortal = 8B48F7311F12A64400960CAE /* Project object */;
			proxyType = 1;
			remoteGlobalIDString = 8B48F7381F12A64400960CAE;
			remoteInfo = loginAttempt3;
		};
		8B48F7591F12A64400960CAE /* PBXContainerItemProxy */ = {
			isa = PBXContainerItemProxy;
			containerPortal = 8B48F7311F12A64400960CAE /* Project object */;
			proxyType = 1;
			remoteGlobalIDString = 8B48F7381F12A64400960CAE;
			remoteInfo = loginAttempt3;
		};
/* End PBXContainerItemProxy section */

/* Begin PBXFileReference section */
		8B03912C1F141EED00ECBBD0 /* LoginViewController.swift */ = {isa = PBXFileReference; fileEncoding = 4; lastKnownFileType = sourcecode.swift; path = LoginViewController.swift; sourceTree = "<group>"; };
		8B48F7391F12A64400960CAE /* PaymentTracker.app */ = {isa = PBXFileReference; explicitFileType = wrapper.application; includeInIndex = 0; path = PaymentTracker.app; sourceTree = BUILT_PRODUCTS_DIR; };
		8B48F73C1F12A64400960CAE /* AppDelegate.swift */ = {isa = PBXFileReference; lastKnownFileType = sourcecode.swift; path = AppDelegate.swift; sourceTree = "<group>"; };
		8B48F73E1F12A64400960CAE /* ViewController.swift */ = {isa = PBXFileReference; lastKnownFileType = sourcecode.swift; path = ViewController.swift; sourceTree = "<group>"; };
		8B48F7411F12A64400960CAE /* Base */ = {isa = PBXFileReference; lastKnownFileType = file.storyboard; name = Base; path = Base.lproj/Main.storyboard; sourceTree = "<group>"; };
		8B48F7431F12A64400960CAE /* Assets.xcassets */ = {isa = PBXFileReference; lastKnownFileType = folder.assetcatalog; path = Assets.xcassets; sourceTree = "<group>"; };
		8B48F7461F12A64400960CAE /* Base */ = {isa = PBXFileReference; lastKnownFileType = file.storyboard; name = Base; path = Base.lproj/LaunchScreen.storyboard; sourceTree = "<group>"; };
		8B48F7481F12A64400960CAE /* Info.plist */ = {isa = PBXFileReference; lastKnownFileType = text.plist.xml; path = Info.plist; sourceTree = "<group>"; };
		8B48F74D1F12A64400960CAE /* PaymentTrackerTests.xctest */ = {isa = PBXFileReference; explicitFileType = wrapper.cfbundle; includeInIndex = 0; path = PaymentTrackerTests.xctest; sourceTree = BUILT_PRODUCTS_DIR; };
		8B48F7511F12A64400960CAE /* loginAttempt3Tests.swift */ = {isa = PBXFileReference; lastKnownFileType = sourcecode.swift; path = loginAttempt3Tests.swift; sourceTree = "<group>"; };
		8B48F7531F12A64400960CAE /* Info.plist */ = {isa = PBXFileReference; lastKnownFileType = text.plist.xml; path = Info.plist; sourceTree = "<group>"; };
		8B48F7581F12A64400960CAE /* PaymentTrackerUITests.xctest */ = {isa = PBXFileReference; explicitFileType = wrapper.cfbundle; includeInIndex = 0; path = PaymentTrackerUITests.xctest; sourceTree = BUILT_PRODUCTS_DIR; };
		8B48F75C1F12A64400960CAE /* loginAttempt3UITests.swift */ = {isa = PBXFileReference; lastKnownFileType = sourcecode.swift; path = loginAttempt3UITests.swift; sourceTree = "<group>"; };
		8B48F75E1F12A64400960CAE /* Info.plist */ = {isa = PBXFileReference; lastKnownFileType = text.plist.xml; path = Info.plist; sourceTree = "<group>"; };
		8BE4D3D21F13334D00202A9B /* RegisterPageViewController.swift */ = {isa = PBXFileReference; fileEncoding = 4; lastKnownFileType = sourcecode.swift; path = RegisterPageViewController.swift; sourceTree = "<group>"; };
/* End PBXFileReference section */

/* Begin PBXFrameworksBuildPhase section */
		8B48F7361F12A64400960CAE /* Frameworks */ = {
			isa = PBXFrameworksBuildPhase;
			buildActionMask = 2147483647;
			files = (
			);
			runOnlyForDeploymentPostprocessing = 0;
		};
		8B48F74A1F12A64400960CAE /* Frameworks */ = {
			isa = PBXFrameworksBuildPhase;
			buildActionMask = 2147483647;
			files = (
			);
			runOnlyForDeploymentPostprocessing = 0;
		};
		8B48F7551F12A64400960CAE /* Frameworks */ = {
			isa = PBXFrameworksBuildPhase;
			buildActionMask = 2147483647;
			files = (
			);
			runOnlyForDeploymentPostprocessing = 0;
		};
/* End PBXFrameworksBuildPhase section */

/* Begin PBXGroup section */
		8B48F7301F12A64400960CAE = {
			isa = PBXGroup;
			children = (
				8B48F73B1F12A64400960CAE /* login */,
				8B48F7501F12A64400960CAE /* PaymentTrackerTests */,
				8B48F75B1F12A64400960CAE /* PaymentTrackerUITests */,
				8B48F73A1F12A64400960CAE /* Products */,
			);
			sourceTree = "<group>";
		};
		8B48F73A1F12A64400960CAE /* Products */ = {
			isa = PBXGroup;
			children = (
				8B48F7391F12A64400960CAE /* PaymentTracker.app */,
				8B48F74D1F12A64400960CAE /* PaymentTrackerTests.xctest */,
				8B48F7581F12A64400960CAE /* PaymentTrackerUITests.xctest */,
			);
			name = Products;
			sourceTree = "<group>";
		};
		8B48F73B1F12A64400960CAE /* login */ = {
			isa = PBXGroup;
			children = (
				8B48F73C1F12A64400960CAE /* AppDelegate.swift */,
				8B48F73E1F12A64400960CAE /* ViewController.swift */,
				8B48F7401F12A64400960CAE /* Main.storyboard */,
				8B48F7431F12A64400960CAE /* Assets.xcassets */,
				8B48F7451F12A64400960CAE /* LaunchScreen.storyboard */,
				8B48F7481F12A64400960CAE /* Info.plist */,
				8BE4D3D21F13334D00202A9B /* RegisterPageViewController.swift */,
				8B03912C1F141EED00ECBBD0 /* LoginViewController.swift */,
			);
			name = login;
			path = loginAttempt3;
			sourceTree = "<group>";
		};
		8B48F7501F12A64400960CAE /* PaymentTrackerTests */ = {
			isa = PBXGroup;
			children = (
				8B48F7511F12A64400960CAE /* loginAttempt3Tests.swift */,
				8B48F7531F12A64400960CAE /* Info.plist */,
			);
			name = PaymentTrackerTests;
			path = loginAttempt3Tests;
			sourceTree = "<group>";
		};
		8B48F75B1F12A64400960CAE /* PaymentTrackerUITests */ = {
			isa = PBXGroup;
			children = (
				8B48F75C1F12A64400960CAE /* loginAttempt3UITests.swift */,
				8B48F75E1F12A64400960CAE /* Info.plist */,
			);
			name = PaymentTrackerUITests;
			path = loginAttempt3UITests;
			sourceTree = "<group>";
		};
/* End PBXGroup section */

/* Begin PBXNativeTarget section */
		8B48F7381F12A64400960CAE /* PaymentTracker */ = {
			isa = PBXNativeTarget;
			buildConfigurationList = 8B48F7611F12A64400960CAE /* Build configuration list for PBXNativeTarget "PaymentTracker" */;
			buildPhases = (
				8B48F7351F12A64400960CAE /* Sources */,
				8B48F7361F12A64400960CAE /* Frameworks */,
				8B48F7371F12A64400960CAE /* Resources */,
			);
			buildRules = (
			);
			dependencies = (
			);
			name = PaymentTracker;
			productName = loginAttempt3;
			productReference = 8B48F7391F12A64400960CAE /* PaymentTracker.app */;
			productType = "com.apple.product-type.application";
		};
		8B48F74C1F12A64400960CAE /* PaymentTrackerTests */ = {
			isa = PBXNativeTarget;
			buildConfigurationList = 8B48F7641F12A64400960CAE /* Build configuration list for PBXNativeTarget "PaymentTrackerTests" */;
			buildPhases = (
				8B48F7491F12A64400960CAE /* Sources */,
				8B48F74A1F12A64400960CAE /* Frameworks */,
				8B48F74B1F12A64400960CAE /* Resources */,
			);
			buildRules = (
			);
			dependencies = (
				8B48F74F1F12A64400960CAE /* PBXTargetDependency */,
			);
			name = PaymentTrackerTests;
			productName = loginAttempt3Tests;
			productReference = 8B48F74D1F12A64400960CAE /* PaymentTrackerTests.xctest */;
			productType = "com.apple.product-type.bundle.unit-test";
		};
		8B48F7571F12A64400960CAE /* PaymentTrackerUITests */ = {
			isa = PBXNativeTarget;
			buildConfigurationList = 8B48F7671F12A64400960CAE /* Build configuration list for PBXNativeTarget "PaymentTrackerUITests" */;
			buildPhases = (
				8B48F7541F12A64400960CAE /* Sources */,
				8B48F7551F12A64400960CAE /* Frameworks */,
				8B48F7561F12A64400960CAE /* Resources */,
			);
			buildRules = (
			);
			dependencies = (
				8B48F75A1F12A64400960CAE /* PBXTargetDependency */,
			);
			name = PaymentTrackerUITests;
			productName = loginAttempt3UITests;
			productReference = 8B48F7581F12A64400960CAE /* PaymentTrackerUITests.xctest */;
			productType = "com.apple.product-type.bundle.ui-testing";
		};
/* End PBXNativeTarget section */

/* Begin PBXProject section */
		8B48F7311F12A64400960CAE /* Project object */ = {
			isa = PBXProject;
			attributes = {
				LastSwiftUpdateCheck = 0820;
				LastUpgradeCheck = 0820;
				ORGANIZATIONNAME = "Hall Enterprises";
				TargetAttributes = {
					8B48F7381F12A64400960CAE = {
						CreatedOnToolsVersion = 8.2.1;
						ProvisioningStyle = Automatic;
					};
					8B48F74C1F12A64400960CAE = {
						CreatedOnToolsVersion = 8.2.1;
						ProvisioningStyle = Automatic;
						TestTargetID = 8B48F7381F12A64400960CAE;
					};
					8B48F7571F12A64400960CAE = {
						CreatedOnToolsVersion = 8.2.1;
						ProvisioningStyle = Automatic;
						TestTargetID = 8B48F7381F12A64400960CAE;
					};
				};
			};
			buildConfigurationList = 8B48F7341F12A64400960CAE /* Build configuration list for PBXProject "PaymentTracker" */;
			compatibilityVersion = "Xcode 3.2";
			developmentRegion = English;
			hasScannedForEncodings = 0;
			knownRegions = (
				en,
				Base,
			);
			mainGroup = 8B48F7301F12A64400960CAE;
			productRefGroup = 8B48F73A1F12A64400960CAE /* Products */;
			projectDirPath = "";
			projectRoot = "";
			targets = (
				8B48F7381F12A64400960CAE /* PaymentTracker */,
				8B48F74C1F12A64400960CAE /* PaymentTrackerTests */,
				8B48F7571F12A64400960CAE /* PaymentTrackerUITests */,
			);
		};
/* End PBXProject section */

/* Begin PBXResourcesBuildPhase section */
		8B48F7371F12A64400960CAE /* Resources */ = {
			isa = PBXResourcesBuildPhase;
			buildActionMask = 2147483647;
			files = (
				8B48F7471F12A64400960CAE /* LaunchScreen.storyboard in Resources */,
				8B48F7441F12A64400960CAE /* Assets.xcassets in Resources */,
				8B48F7421F12A64400960CAE /* Main.storyboard in Resources */,
			);
			runOnlyForDeploymentPostprocessing = 0;
		};
		8B48F74B1F12A64400960CAE /* Resources */ = {
			isa = PBXResourcesBuildPhase;
			buildActionMask = 2147483647;
			files = (
			);
			runOnlyForDeploymentPostprocessing = 0;
		};
		8B48F7561F12A64400960CAE /* Resources */ = {
			isa = PBXResourcesBuildPhase;
			buildActionMask = 2147483647;
			files = (
			);
			runOnlyForDeploymentPostprocessing = 0;
		};
/* End PBXResourcesBuildPhase section */

/* Begin PBXSourcesBuildPhase section */
		8B48F7351F12A64400960CAE /* Sources */ = {
			isa = PBXSourcesBuildPhase;
			buildActionMask = 2147483647;
			files = (
				8B03912D1F141EED00ECBBD0 /* LoginViewController.swift in Sources */,
				8B48F73F1F12A64400960CAE /* ViewController.swift in Sources */,
				8B48F73D1F12A64400960CAE /* AppDelegate.swift in Sources */,
				8BE4D3D31F13334D00202A9B /* RegisterPageViewController.swift in Sources */,
			);
			runOnlyForDeploymentPostprocessing = 0;
		};
		8B48F7491F12A64400960CAE /* Sources */ = {
			isa = PBXSourcesBuildPhase;
			buildActionMask = 2147483647;
			files = (
				8B48F7521F12A64400960CAE /* loginAttempt3Tests.swift in Sources */,
			);
			runOnlyForDeploymentPostprocessing = 0;
		};
		8B48F7541F12A64400960CAE /* Sources */ = {
			isa = PBXSourcesBuildPhase;
			buildActionMask = 2147483647;
			files = (
				8B48F75D1F12A64400960CAE /* loginAttempt3UITests.swift in Sources */,
			);
			runOnlyForDeploymentPostprocessing = 0;
		};
/* End PBXSourcesBuildPhase section */

/* Begin PBXTargetDependency section */
		8B48F74F1F12A64400960CAE /* PBXTargetDependency */ = {
			isa = PBXTargetDependency;
			target = 8B48F7381F12A64400960CAE /* PaymentTracker */;
			targetProxy = 8B48F74E1F12A64400960CAE /* PBXContainerItemProxy */;
		};
		8B48F75A1F12A64400960CAE /* PBXTargetDependency */ = {
			isa = PBXTargetDependency;
			target = 8B48F7381F12A64400960CAE /* PaymentTracker */;
			targetProxy = 8B48F7591F12A64400960CAE /* PBXContainerItemProxy */;
		};
/* End PBXTargetDependency section */

/* Begin PBXVariantGroup section */
		8B48F7401F12A64400960CAE /* Main.storyboard */ = {
			isa = PBXVariantGroup;
			children = (
				8B48F7411F12A64400960CAE /* Base */,
			);
			name = Main.storyboard;
			sourceTree = "<group>";
		};
		8B48F7451F12A64400960CAE /* LaunchScreen.storyboard */ = {
			isa = PBXVariantGroup;
			children = (
				8B48F7461F12A64400960CAE /* Base */,
			);
			name = LaunchScreen.storyboard;
			sourceTree = "<group>";
		};
/* End PBXVariantGroup section */

/* Begin XCBuildConfiguration section */
		8B48F75F1F12A64400960CAE /* Debug */ = {
			isa = XCBuildConfiguration;
			buildSettings = {
				ALWAYS_SEARCH_USER_PATHS = NO;
				CLANG_ANALYZER_NONNULL = YES;
				CLANG_CXX_LANGUAGE_STANDARD = "gnu++0x";
				CLANG_CXX_LIBRARY = "libc++";
				CLANG_ENABLE_MODULES = YES;
				CLANG_ENABLE_OBJC_ARC = YES;
				CLANG_WARN_BOOL_CONVERSION = YES;
				CLANG_WARN_CONSTANT_CONVERSION = YES;
				CLANG_WARN_DIRECT_OBJC_ISA_USAGE = YES_ERROR;
				CLANG_WARN_DOCUMENTATION_COMMENTS = YES;
				CLANG_WARN_EMPTY_BODY = YES;
				CLANG_WARN_ENUM_CONVERSION = YES;
				CLANG_WARN_INFINITE_RECURSION = YES;
				CLANG_WARN_INT_CONVERSION = YES;
				CLANG_WARN_OBJC_ROOT_CLASS = YES_ERROR;
				CLANG_WARN_SUSPICIOUS_MOVE = YES;
				CLANG_WARN_UNREACHABLE_CODE = YES;
				CLANG_WARN__DUPLICATE_METHOD_MATCH = YES;
				"CODE_SIGN_IDENTITY[sdk=iphoneos*]" = "iPhone Developer";
				COPY_PHASE_STRIP = NO;
				DEBUG_INFORMATION_FORMAT = dwarf;
				ENABLE_STRICT_OBJC_MSGSEND = YES;
				ENABLE_TESTABILITY = YES;
				GCC_C_LANGUAGE_STANDARD = gnu99;
				GCC_DYNAMIC_NO_PIC = NO;
				GCC_NO_COMMON_BLOCKS = YES;
				GCC_OPTIMIZATION_LEVEL = 0;
				GCC_PREPROCESSOR_DEFINITIONS = (
					"DEBUG=1",
					"$(inherited)",
				);
				GCC_WARN_64_TO_32_BIT_CONVERSION = YES;
				GCC_WARN_ABOUT_RETURN_TYPE = YES_ERROR;
				GCC_WARN_UNDECLARED_SELECTOR = YES;
				GCC_WARN_UNINITIALIZED_AUTOS = YES_AGGRESSIVE;
				GCC_WARN_UNUSED_FUNCTION = YES;
				GCC_WARN_UNUSED_VARIABLE = YES;
				IPHONEOS_DEPLOYMENT_TARGET = 10.2;
				MTL_ENABLE_DEBUG_INFO = YES;
				ONLY_ACTIVE_ARCH = YES;
				SDKROOT = iphoneos;
				SWIFT_ACTIVE_COMPILATION_CONDITIONS = DEBUG;
				SWIFT_OPTIMIZATION_LEVEL = "-Onone";
			};
			name = Debug;
		};
		8B48F7601F12A64400960CAE /* Release */ = {
			isa = XCBuildConfiguration;
			buildSettings = {
				ALWAYS_SEARCH_USER_PATHS = NO;
				CLANG_ANALYZER_NONNULL = YES;
				CLANG_CXX_LANGUAGE_STANDARD = "gnu++0x";
				CLANG_CXX_LIBRARY = "libc++";
				CLANG_ENABLE_MODULES = YES;
				CLANG_ENABLE_OBJC_ARC = YES;
				CLANG_WARN_BOOL_CONVERSION = YES;
				CLANG_WARN_CONSTANT_CONVERSION = YES;
				CLANG_WARN_DIRECT_OBJC_ISA_USAGE = YES_ERROR;
				CLANG_WARN_DOCUMENTATION_COMMENTS = YES;
				CLANG_WARN_EMPTY_BODY = YES;
				CLANG_WARN_ENUM_CONVERSION = YES;
				CLANG_WARN_INFINITE_RECURSION = YES;
				CLANG_WARN_INT_CONVERSION = YES;
				CLANG_WARN_OBJC_ROOT_CLASS = YES_ERROR;
				CLANG_WARN_SUSPICIOUS_MOVE = YES;
				CLANG_WARN_UNREACHABLE_CODE = YES;
				CLANG_WARN__DUPLICATE_METHOD_MATCH = YES;
				"CODE_SIGN_IDENTITY[sdk=iphoneos*]" = "iPhone Developer";
				COPY_PHASE_STRIP = NO;
				DEBUG_INFORMATION_FORMAT = "dwarf-with-dsym";
				ENABLE_NS_ASSERTIONS = NO;
				ENABLE_STRICT_OBJC_MSGSEND = YES;
				GCC_C_LANGUAGE_STANDARD = gnu99;
				GCC_NO_COMMON_BLOCKS = YES;
				GCC_WARN_64_TO_32_BIT_CONVERSION = YES;
				GCC_WARN_ABOUT_RETURN_TYPE = YES_ERROR;
				GCC_WARN_UNDECLARED_SELECTOR = YES;
				GCC_WARN_UNINITIALIZED_AUTOS = YES_AGGRESSIVE;
				GCC_WARN_UNUSED_FUNCTION = YES;
				GCC_WARN_UNUSED_VARIABLE = YES;
				IPHONEOS_DEPLOYMENT_TARGET = 10.2;
				MTL_ENABLE_DEBUG_INFO = NO;
				SDKROOT = iphoneos;
				SWIFT_OPTIMIZATION_LEVEL = "-Owholemodule";
				VALIDATE_PRODUCT = YES;
			};
			name = Release;
		};
		8B48F7621F12A64400960CAE /* Debug */ = {
			isa = XCBuildConfiguration;
			buildSettings = {
				ASSETCATALOG_COMPILER_APPICON_NAME = AppIcon;
				INFOPLIST_FILE = loginAttempt3/Info.plist;
				LD_RUNPATH_SEARCH_PATHS = "$(inherited) @executable_path/Frameworks";
				PRODUCT_BUNDLE_IDENTIFIER = PaymentTracker.version1;
				PRODUCT_NAME = "$(TARGET_NAME)";
				SWIFT_VERSION = 3.0;
			};
			name = Debug;
		};
		8B48F7631F12A64400960CAE /* Release */ = {
			isa = XCBuildConfiguration;
			buildSettings = {
				ASSETCATALOG_COMPILER_APPICON_NAME = AppIcon;
				INFOPLIST_FILE = loginAttempt3/Info.plist;
				LD_RUNPATH_SEARCH_PATHS = "$(inherited) @executable_path/Frameworks";
				PRODUCT_BUNDLE_IDENTIFIER = PaymentTracker.version1;
				PRODUCT_NAME = "$(TARGET_NAME)";
				SWIFT_VERSION = 3.0;
			};
			name = Release;
		};
		8B48F7651F12A64400960CAE /* Debug */ = {
			isa = XCBuildConfiguration;
			buildSettings = {
				ALWAYS_EMBED_SWIFT_STANDARD_LIBRARIES = YES;
				BUNDLE_LOADER = "$(TEST_HOST)";
				INFOPLIST_FILE = loginAttempt3Tests/Info.plist;
				LD_RUNPATH_SEARCH_PATHS = "$(inherited) @executable_path/Frameworks @loader_path/Frameworks";
				PRODUCT_BUNDLE_IDENTIFIER = PaymentTracker.loginAttempt3Tests;
				PRODUCT_NAME = "$(TARGET_NAME)";
				SWIFT_VERSION = 3.0;
				TEST_HOST = "$(BUILT_PRODUCTS_DIR)/PaymentTracker.app/PaymentTracker";
			};
			name = Debug;
		};
		8B48F7661F12A64400960CAE /* Release */ = {
			isa = XCBuildConfiguration;
			buildSettings = {
				ALWAYS_EMBED_SWIFT_STANDARD_LIBRARIES = YES;
				BUNDLE_LOADER = "$(TEST_HOST)";
				INFOPLIST_FILE = loginAttempt3Tests/Info.plist;
				LD_RUNPATH_SEARCH_PATHS = "$(inherited) @executable_path/Frameworks @loader_path/Frameworks";
				PRODUCT_BUNDLE_IDENTIFIER = PaymentTracker.loginAttempt3Tests;
				PRODUCT_NAME = "$(TARGET_NAME)";
				SWIFT_VERSION = 3.0;
				TEST_HOST = "$(BUILT_PRODUCTS_DIR)/PaymentTracker.app/PaymentTracker";
			};
			name = Release;
		};
		8B48F7681F12A64400960CAE /* Debug */ = {
			isa = XCBuildConfiguration;
			buildSettings = {
				ALWAYS_EMBED_SWIFT_STANDARD_LIBRARIES = YES;
				INFOPLIST_FILE = loginAttempt3UITests/Info.plist;
				LD_RUNPATH_SEARCH_PATHS = "$(inherited) @executable_path/Frameworks @loader_path/Frameworks";
				PRODUCT_BUNDLE_IDENTIFIER = PaymentTracker.loginAttempt3UITests;
				PRODUCT_NAME = "$(TARGET_NAME)";
				SWIFT_VERSION = 3.0;
				TEST_TARGET_NAME = loginAttempt3;
			};
			name = Debug;
		};
		8B48F7691F12A64400960CAE /* Release */ = {
			isa = XCBuildConfiguration;
			buildSettings = {
				ALWAYS_EMBED_SWIFT_STANDARD_LIBRARIES = YES;
				INFOPLIST_FILE = loginAttempt3UITests/Info.plist;
				LD_RUNPATH_SEARCH_PATHS = "$(inherited) @executable_path/Frameworks @loader_path/Frameworks";
				PRODUCT_BUNDLE_IDENTIFIER = PaymentTracker.loginAttempt3UITests;
				PRODUCT_NAME = "$(TARGET_NAME)";
				SWIFT_VERSION = 3.0;
				TEST_TARGET_NAME = loginAttempt3;
			};
			name = Release;
		};
/* End XCBuildConfiguration section */

/* Begin XCConfigurationList section */
		8B48F7341F12A64400960CAE /* Build configuration list for PBXProject "PaymentTracker" */ = {
			isa = XCConfigurationList;
			buildConfigurations = (
				8B48F75F1F12A64400960CAE /* Debug */,
				8B48F7601F12A64400960CAE /* Release */,
			);
			defaultConfigurationIsVisible = 0;
			defaultConfigurationName = Release;
		};
		8B48F7611F12A64400960CAE /* Build configuration list for PBXNativeTarget "PaymentTracker" */ = {
			isa = XCConfigurationList;
			buildConfigurations = (
				8B48F7621F12A64400960CAE /* Debug */,
				8B48F7631F12A64400960CAE /* Release */,
			);
			defaultConfigurationIsVisible = 0;
			defaultConfigurationName = Release;
		};
		8B48F7641F12A64400960CAE /* Build configuration list for PBXNativeTarget "PaymentTrackerTests" */ = {
			isa = XCConfigurationList;
			buildConfigurations = (
				8B48F7651F12A64400960CAE /* Debug */,
				8B48F7661F12A64400960CAE /* Release */,
			);
			defaultConfigurationIsVisible = 0;
			defaultConfigurationName = Release;
		};
		8B48F7671F12A64400960CAE /* Build configuration list for PBXNativeTarget "PaymentTrackerUITests" */ = {
			isa = XCConfigurationList;
			buildConfigurations = (
				8B48F7681F12A64400960CAE /* Debug */,
				8B48F7691F12A64400960CAE /* Release */,
			);
			defaultConfigurationIsVisible = 0;
			defaultConfigurationName = Release;
		};
/* End XCConfigurationList section */
	};
	rootObject = 8B48F7311F12A64400960CAE /* Project object */;
}
